
Microsoft Visual Studio Solution File, Format Version 12.00
# Visual Studio Version 17
VisualStudioVersion = 17.10.34916.146
MinimumVisualStudioVersion = 10.0.40219.1
Project("{9A19103F-16F7-4668-BE54-9A1E7A4F7556}") = "AnjUx.Server", "Server\AnjUx.Server.csproj", "{7604957A-F277-4B6B-B5F6-C8AD3D50ACBB}"
EndProject
Project("{9A19103F-16F7-4668-BE54-9A1E7A4F7556}") = "AnjUx.Client", "Client\AnjUx.Client.csproj", "{C449E841-5733-4A53-AE2C-F7ED8DE451DC}"
EndProject
Project("{9A19103F-16F7-4668-BE54-9A1E7A4F7556}") = "AnjUx.Shared", "Shared\AnjUx.Shared.csproj", "{72AB1181-3655-42CE-811E-DDC370D16E63}"
EndProject
Project("{FAE04EC0-301F-11D3-BF4B-00C04F79EFBC}") = "AnjUx.Migrator", "AnjUx.Migrator\AnjUx.Migrator.csproj", "{F494EB41-880F-41B6-B0FC-3B1B8F1BA7FB}"
EndProject
Project("{9A19103F-16F7-4668-BE54-9A1E7A4F7556}") = "AnjUx.ORM", "AnjUx.ORM\AnjUx.ORM.csproj", "{1DEAB81E-65A3-400F-8A78-D4353759B103}"
EndProject
Global
	GlobalSection(SolutionConfigurationPlatforms) = preSolution
		Debug|Any CPU = Debug|Any CPU
		Release|Any CPU = Release|Any CPU
	EndGlobalSection
	GlobalSection(ProjectConfigurationPlatforms) = postSolution
		{7604957A-F277-4B6B-B5F6-C8AD3D50ACBB}.Debug|Any CPU.ActiveCfg = Debug|Any CPU
		{7604957A-F277-4B6B-B5F6-C8AD3D50ACBB}.Debug|Any CPU.Build.0 = Debug|Any CPU
		{7604957A-F277-4B6B-B5F6-C8AD3D50ACBB}.Release|Any CPU.ActiveCfg = Release|Any CPU
		{7604957A-F277-4B6B-B5F6-C8AD3D50ACBB}.Release|Any CPU.Build.0 = Release|Any CPU
		{C449E841-5733-4A53-AE2C-F7ED8DE451DC}.Debug|Any CPU.ActiveCfg = Debug|Any CPU
		{C449E841-5733-4A53-AE2C-F7ED8DE451DC}.Debug|Any CPU.Build.0 = Debug|Any CPU
		{C449E841-5733-4A53-AE2C-F7ED8DE451DC}.Release|Any CPU.ActiveCfg = Release|Any CPU
		{C449E841-5733-4A53-AE2C-F7ED8DE451DC}.Release|Any CPU.Build.0 = Release|Any CPU
		{72AB1181-3655-42CE-811E-DDC370D16E63}.Debug|Any CPU.ActiveCfg = Debug|Any CPU
		{72AB1181-3655-42CE-811E-DDC370D16E63}.Debug|Any CPU.Build.0 = Debug|Any CPU
		{72AB1181-3655-42CE-811E-DDC370D16E63}.Release|Any CPU.ActiveCfg = Release|Any CPU
		{72AB1181-3655-42CE-811E-DDC370D16E63}.Release|Any CPU.Build.0 = Release|Any CPU
		{F494EB41-880F-41B6-B0FC-3B1B8F1BA7FB}.Debug|Any CPU.ActiveCfg = Debug|Any CPU
		{F494EB41-880F-41B6-B0FC-3B1B8F1BA7FB}.Debug|Any CPU.Build.0 = Debug|Any CPU
		{F494EB41-880F-41B6-B0FC-3B1B8F1BA7FB}.Release|Any CPU.ActiveCfg = Release|Any CPU
		{F494EB41-880F-41B6-B0FC-3B1B8F1BA7FB}.Release|Any CPU.Build.0 = Release|Any CPU
		{1DEAB81E-65A3-400F-8A78-D4353759B103}.Debug|Any CPU.ActiveCfg = Debug|Any CPU
		{1DEAB81E-65A3-400F-8A78-D4353759B103}.Debug|Any CPU.Build.0 = Debug|Any CPU
		{1DEAB81E-65A3-400F-8A78-D4353759B103}.Release|Any CPU.ActiveCfg = Release|Any CPU
		{1DEAB81E-65A3-400F-8A78-D4353759B103}.Release|Any CPU.Build.0 = Release|Any CPU
	EndGlobalSection
	GlobalSection(SolutionProperties) = preSolution
		HideSolutionNode = FALSE
	EndGlobalSection
	GlobalSection(ExtensibilityGlobals) = postSolution
		SolutionGuid = {2697289B-C889-42BC-A067-261858BC4568}
	EndGlobalSection
EndGlobal
